# This file is autogenerated, do not edit; changes may be undone by the next 'dep ensure'.


[[projects]]
  digest = "1:04457f9f6f3ffc5fea48e71d62f2ca256637dee0a04d710288e27e05c8b41976"
  name = "github.com/Sirupsen/logrus"
  packages = ["."]
  pruneopts = "UT"
  revision = "839c75faf7f98a33d445d181f3018b5c3409a45e"
  version = "v1.4.2"

[[projects]]
  digest = "1:31e761d97c76151dde79e9d28964a812c46efc5baee4085b86f68f0c654450de"
  name = "github.com/konsorten/go-windows-terminal-sequences"
  packages = ["."]
  pruneopts = "UT"
  revision = "f55edac94c9bbba5d6182a4be46d86a2c9b5b50e"
  version = "v1.0.2"

[[projects]]
  branch = "master"
  digest = "1:d6e1b61a2e98f83311c685668bf6413d3bed4f3968680ee27af4965e12fbbb0f"
  name = "github.com/nareix/joy4"
  packages = [
    "av",
    "av/avutil",
    "codec",
    "codec/aacparser",
    "codec/fake",
    "codec/h264parser",
    "format/flv",
    "format/flv/flvio",
    "utils/bits",
    "utils/bits/pio",
  ]
  pruneopts = "UT"
  revision = "f98bf9bd9e1f1c9dd66dde2d7776871242ca2ba8"

[[projects]]
  branch = "master"
  digest = "1:8f5108406bc43c7669b0d67d282e40d05c9f268615fcaf8c1f0f76965aa3f09f"
  name = "golang.org/x/sys"
  packages = ["unix"]
  pruneopts = "UT"
  revision = "7fc4e5ec1444df20dd195ae7c3bbfcd7114d3faa"

[solve-meta]
  analyzer-name = "dep"
  analyzer-version = 1
  input-imports = [
    "github.com/Sirupsen/logrus",
    "github.com/nareix/joy4/av",
    "github.com/nareix/joy4/format/flv",
    "github.com/nareix/joy4/format/flv/flvio",
    "github.com/nareix/joy4/utils/bits/pio",
  ]
  solver-name = "gps-cdcl"
  solver-version = 1
